<?xml version="1.0" encoding="UTF-8" standalone="yes" ?>
<CodeBlocks_project_file>
	<FileVersion major="1" minor="6" />
	<Project>
		<Option title="DataStructures" />
		<Option pch_mode="2" />
		<Option compiler="gcc" />
		<Build>
			<Target title="Debug">
				<Option output="bin/Debug/DataStructures" prefix_auto="1" extension_auto="1" />
				<Option object_output="obj/Debug/" />
				<Option type="1" />
				<Option compiler="gcc" />
				<Compiler>
					<Add option="-g" />
				</Compiler>
			</Target>
			<Target title="Release">
				<Option output="bin/Release/DataStructures" prefix_auto="1" extension_auto="1" />
				<Option object_output="obj/Release/" />
				<Option type="1" />
				<Option compiler="gcc" />
				<Compiler>
					<Add option="-O2" />
				</Compiler>
				<Linker>
					<Add option="-s" />
				</Linker>
			</Target>
		</Build>
		<Compiler>
			<Add option="-Wall" />
		</Compiler>
		<Unit filename="Lists_ArrBased.c">
			<Option compilerVar="CC" />
		</Unit>
		<Unit filename="Lists_ArrBased.h" />
		<Unit filename="Lists_LinkBased.c">
			<Option compilerVar="CC" />
		</Unit>
		<Unit filename="Lists_LinkBased.h" />
		<Unit filename="PolishNotation.c">
			<Option compilerVar="CC" />
		</Unit>
		<Unit filename="PolishNotation.h" />
		<Unit filename="Queue_ArrBased.c">
			<Option compilerVar="CC" />
		</Unit>
		<Unit filename="Queue_ArrBased.h" />
		<Unit filename="Queue_LinkBased.c">
			<Option compilerVar="CC" />
		</Unit>
		<Unit filename="Queue_LinkBased.h" />
		<Unit filename="Stack_ArrBased.c">
			<Option compilerVar="CC" />
		</Unit>
		<Unit filename="Stack_ArrBased.h" />
		<Unit filename="Stack_LinkBased.c">
			<Option compilerVar="CC" />
		</Unit>
		<Unit filename="Stack_LinkBased.h" />
		<Unit filename="TowersOfHanoiGame.c">
			<Option compilerVar="CC" />
		</Unit>
		<Unit filename="TowersOfHanoiGame.h" />
		<Unit filename="includes.h" />
		<Unit filename="main.c">
			<Option compilerVar="CC" />
		</Unit>
		<Extensions>
			<code_completion />
			<envvars />
			<debugger />
			<lib_finder disable_auto="1" />
		</Extensions>
	</Project>
</CodeBlocks_project_file>
